
Microsoft Visual Studio Solution File, Format Version 12.00
# Visual Studio 14
VisualStudioVersion = 14.0.23107.0
MinimumVisualStudioVersion = 10.0.40219.1
Project("{FAE04EC0-301F-11D3-BF4B-00C04F79EFBC}") = "ZooApp.Models", "ZooApp.Models\ZooApp.Models.csproj", "{6563D31A-BDA0-4BE3-8950-8234378951EF}"
EndProject
Project("{FAE04EC0-301F-11D3-BF4B-00C04F79EFBC}") = "ZooApp.MvcClient", "ZooApp.MvcClient\ZooApp.MvcClient.csproj", "{CB5E4B4F-BC42-4492-BF66-A4994B672024}"
EndProject
Project("{FAE04EC0-301F-11D3-BF4B-00C04F79EFBC}") = "ZooApp.Services", "ZooApp.Services\ZooApp.Services.csproj", "{5550369A-3523-4502-A5F0-10D26655125F}"
EndProject
Project("{FAE04EC0-301F-11D3-BF4B-00C04F79EFBC}") = "ZooApp.ViewModels", "ZooApp.ViewModels\ZooApp.ViewModels.csproj", "{6B395B88-1D76-4981-B458-AD368FD056ED}"
EndProject
Global
	GlobalSection(SolutionConfigurationPlatforms) = preSolution
		Debug|Any CPU = Debug|Any CPU
		Release|Any CPU = Release|Any CPU
	EndGlobalSection
	GlobalSection(ProjectConfigurationPlatforms) = postSolution
		{6563D31A-BDA0-4BE3-8950-8234378951EF}.Debug|Any CPU.ActiveCfg = Debug|Any CPU
		{6563D31A-BDA0-4BE3-8950-8234378951EF}.Debug|Any CPU.Build.0 = Debug|Any CPU
		{6563D31A-BDA0-4BE3-8950-8234378951EF}.Release|Any CPU.ActiveCfg = Release|Any CPU
		{6563D31A-BDA0-4BE3-8950-8234378951EF}.Release|Any CPU.Build.0 = Release|Any CPU
		{CB5E4B4F-BC42-4492-BF66-A4994B672024}.Debug|Any CPU.ActiveCfg = Debug|Any CPU
		{CB5E4B4F-BC42-4492-BF66-A4994B672024}.Debug|Any CPU.Build.0 = Debug|Any CPU
		{CB5E4B4F-BC42-4492-BF66-A4994B672024}.Release|Any CPU.ActiveCfg = Release|Any CPU
		{CB5E4B4F-BC42-4492-BF66-A4994B672024}.Release|Any CPU.Build.0 = Release|Any CPU
		{5550369A-3523-4502-A5F0-10D26655125F}.Debug|Any CPU.ActiveCfg = Debug|Any CPU
		{5550369A-3523-4502-A5F0-10D26655125F}.Debug|Any CPU.Build.0 = Debug|Any CPU
		{5550369A-3523-4502-A5F0-10D26655125F}.Release|Any CPU.ActiveCfg = Release|Any CPU
		{5550369A-3523-4502-A5F0-10D26655125F}.Release|Any CPU.Build.0 = Release|Any CPU
		{6B395B88-1D76-4981-B458-AD368FD056ED}.Debug|Any CPU.ActiveCfg = Debug|Any CPU
		{6B395B88-1D76-4981-B458-AD368FD056ED}.Debug|Any CPU.Build.0 = Debug|Any CPU
		{6B395B88-1D76-4981-B458-AD368FD056ED}.Release|Any CPU.ActiveCfg = Release|Any CPU
		{6B395B88-1D76-4981-B458-AD368FD056ED}.Release|Any CPU.Build.0 = Release|Any CPU
	EndGlobalSection
	GlobalSection(SolutionProperties) = preSolution
		HideSolutionNode = FALSE
	EndGlobalSection
EndGlobal
